
Microsoft Visual Studio Solution File, Format Version 12.00
# Visual Studio Version 16
VisualStudioVersion = 16.0.31005.135
MinimumVisualStudioVersion = 10.0.40219.1
Project("{FAE04EC0-301F-11D3-BF4B-00C04F79EFBC}") = "PaintballGun", "PaintballGun\PaintballGun.csproj", "{47C04EC0-74F9-4DED-9331-216AA52D4A16}"
EndProject
Global
	GlobalSection(SolutionConfigurationPlatforms) = preSolution
		Debug|Any CPU = Debug|Any CPU
		Release|Any CPU = Release|Any CPU
	EndGlobalSection
	GlobalSection(ProjectConfigurationPlatforms) = postSolution
		{47C04EC0-74F9-4DED-9331-216AA52D4A16}.Debug|Any CPU.ActiveCfg = Debug|Any CPU
		{47C04EC0-74F9-4DED-9331-216AA52D4A16}.Debug|Any CPU.Build.0 = Debug|Any CPU
		{47C04EC0-74F9-4DED-9331-216AA52D4A16}.Release|Any CPU.ActiveCfg = Release|Any CPU
		{47C04EC0-74F9-4DED-9331-216AA52D4A16}.Release|Any CPU.Build.0 = Release|Any CPU
	EndGlobalSection
	GlobalSection(SolutionProperties) = preSolution
		HideSolutionNode = FALSE
	EndGlobalSection
	GlobalSection(ExtensibilityGlobals) = postSolution
		SolutionGuid = {AEFDBD3F-D59C-42F0-BFCE-FEB32AD2CEF0}
	EndGlobalSection
EndGlobal
